
Microsoft Visual Studio Solution File, Format Version 12.00
# Visual Studio Version 16
VisualStudioVersion = 16.0.30011.22
MinimumVisualStudioVersion = 10.0.40219.1
Project("{FAE04EC0-301F-11D3-BF4B-00C04F79EFBC}") = "SPIC-200", "SPIC-200\SPIC-200.csproj", "{355E7671-48CC-42F7-83AC-0637E4CFE2D3}"
EndProject
Project("{FAE04EC0-301F-11D3-BF4B-00C04F79EFBC}") = "Young.Core", "..\jky.project\Young.Core\Young.Core.csproj", "{FE892B79-A142-4C66-9C28-93F2435691DA}"
EndProject
Global
	GlobalSection(SolutionConfigurationPlatforms) = preSolution
		Debug|Any CPU = Debug|Any CPU
		Release|Any CPU = Release|Any CPU
	EndGlobalSection
	GlobalSection(ProjectConfigurationPlatforms) = postSolution
		{355E7671-48CC-42F7-83AC-0637E4CFE2D3}.Debug|Any CPU.ActiveCfg = Debug|Any CPU
		{355E7671-48CC-42F7-83AC-0637E4CFE2D3}.Debug|Any CPU.Build.0 = Debug|Any CPU
		{355E7671-48CC-42F7-83AC-0637E4CFE2D3}.Release|Any CPU.ActiveCfg = Release|Any CPU
		{355E7671-48CC-42F7-83AC-0637E4CFE2D3}.Release|Any CPU.Build.0 = Release|Any CPU
		{FE892B79-A142-4C66-9C28-93F2435691DA}.Debug|Any CPU.ActiveCfg = Debug|Any CPU
		{FE892B79-A142-4C66-9C28-93F2435691DA}.Debug|Any CPU.Build.0 = Debug|Any CPU
		{FE892B79-A142-4C66-9C28-93F2435691DA}.Release|Any CPU.ActiveCfg = Release|Any CPU
		{FE892B79-A142-4C66-9C28-93F2435691DA}.Release|Any CPU.Build.0 = Release|Any CPU
	EndGlobalSection
	GlobalSection(SolutionProperties) = preSolution
		HideSolutionNode = FALSE
	EndGlobalSection
	GlobalSection(ExtensibilityGlobals) = postSolution
		SolutionGuid = {763FCFB6-EFB9-4A57-A928-A8C1F3EA0FE3}
	EndGlobalSection
EndGlobal
